
Microsoft Visual Studio Solution File, Format Version 12.00
# Visual Studio Version 17
VisualStudioVersion = 17.7.34024.191
MinimumVisualStudioVersion = 10.0.40219.1
Project("{FAE04EC0-301F-11D3-BF4B-00C04F79EFBC}") = "Ado2", "Ado2.csproj", "{62B36684-846E-4282-A4F0-98CBF4D8372D}"
EndProject
Global
	GlobalSection(SolutionConfigurationPlatforms) = preSolution
		Debug|Any CPU = Debug|Any CPU
		Release|Any CPU = Release|Any CPU
	EndGlobalSection
	GlobalSection(ProjectConfigurationPlatforms) = postSolution
		{62B36684-846E-4282-A4F0-98CBF4D8372D}.Debug|Any CPU.ActiveCfg = Debug|Any CPU
		{62B36684-846E-4282-A4F0-98CBF4D8372D}.Debug|Any CPU.Build.0 = Debug|Any CPU
		{62B36684-846E-4282-A4F0-98CBF4D8372D}.Release|Any CPU.ActiveCfg = Release|Any CPU
		{62B36684-846E-4282-A4F0-98CBF4D8372D}.Release|Any CPU.Build.0 = Release|Any CPU
	EndGlobalSection
	GlobalSection(SolutionProperties) = preSolution
		HideSolutionNode = FALSE
	EndGlobalSection
	GlobalSection(ExtensibilityGlobals) = postSolution
		SolutionGuid = {1A80CEFA-5517-4395-B184-40248897D695}
	EndGlobalSection
EndGlobal
