
Microsoft Visual Studio Solution File, Format Version 12.00
# Visual Studio Version 17
VisualStudioVersion = 17.7.34024.191
MinimumVisualStudioVersion = 10.0.40219.1
Project("{FAE04EC0-301F-11D3-BF4B-00C04F79EFBC}") = "Linq4", "Linq4.csproj", "{5B752BD3-B5F7-4C10-A37C-DEB9BB056A40}"
EndProject
Global
	GlobalSection(SolutionConfigurationPlatforms) = preSolution
		Debug|Any CPU = Debug|Any CPU
		Release|Any CPU = Release|Any CPU
	EndGlobalSection
	GlobalSection(ProjectConfigurationPlatforms) = postSolution
		{5B752BD3-B5F7-4C10-A37C-DEB9BB056A40}.Debug|Any CPU.ActiveCfg = Debug|Any CPU
		{5B752BD3-B5F7-4C10-A37C-DEB9BB056A40}.Debug|Any CPU.Build.0 = Debug|Any CPU
		{5B752BD3-B5F7-4C10-A37C-DEB9BB056A40}.Release|Any CPU.ActiveCfg = Release|Any CPU
		{5B752BD3-B5F7-4C10-A37C-DEB9BB056A40}.Release|Any CPU.Build.0 = Release|Any CPU
	EndGlobalSection
	GlobalSection(SolutionProperties) = preSolution
		HideSolutionNode = FALSE
	EndGlobalSection
	GlobalSection(ExtensibilityGlobals) = postSolution
		SolutionGuid = {EE565D8D-7351-4CAE-82CA-64B8F34DF6F5}
	EndGlobalSection
EndGlobal
