
Microsoft Visual Studio Solution File, Format Version 12.00
# Visual Studio Version 17
VisualStudioVersion = 17.7.34024.191
MinimumVisualStudioVersion = 10.0.40219.1
Project("{FAE04EC0-301F-11D3-BF4B-00C04F79EFBC}") = "Linq1", "Linq1.csproj", "{D1F0E127-C777-4A0B-BDA2-4D073AC1F203}"
EndProject
Global
	GlobalSection(SolutionConfigurationPlatforms) = preSolution
		Debug|Any CPU = Debug|Any CPU
		Release|Any CPU = Release|Any CPU
	EndGlobalSection
	GlobalSection(ProjectConfigurationPlatforms) = postSolution
		{D1F0E127-C777-4A0B-BDA2-4D073AC1F203}.Debug|Any CPU.ActiveCfg = Debug|Any CPU
		{D1F0E127-C777-4A0B-BDA2-4D073AC1F203}.Debug|Any CPU.Build.0 = Debug|Any CPU
		{D1F0E127-C777-4A0B-BDA2-4D073AC1F203}.Release|Any CPU.ActiveCfg = Release|Any CPU
		{D1F0E127-C777-4A0B-BDA2-4D073AC1F203}.Release|Any CPU.Build.0 = Release|Any CPU
	EndGlobalSection
	GlobalSection(SolutionProperties) = preSolution
		HideSolutionNode = FALSE
	EndGlobalSection
	GlobalSection(ExtensibilityGlobals) = postSolution
		SolutionGuid = {319E9144-DA80-465C-9599-0FF1704349B6}
	EndGlobalSection
EndGlobal
